Microsoft Visual Studio Solution File, Format Version 12.00
# Visual Studio Version 17
VisualStudioVersion = 17.5.2.0
MinimumVisualStudioVersion = 10.0.40219.1
Project("{FAE04EC0-301F-11D3-BF4B-00C04F79EFBC}") = "BlocoDeNotas", "BlocoDeNotas.csproj", "{74CC8402-9E64-615A-179A-DA591187B3FF}"
EndProject
Global
	GlobalSection(SolutionConfigurationPlatforms) = preSolution
		Debug|Any CPU = Debug|Any CPU
		Release|Any CPU = Release|Any CPU
	EndGlobalSection
	GlobalSection(ProjectConfigurationPlatforms) = postSolution
		{74CC8402-9E64-615A-179A-DA591187B3FF}.Debug|Any CPU.ActiveCfg = Debug|Any CPU
		{74CC8402-9E64-615A-179A-DA591187B3FF}.Debug|Any CPU.Build.0 = Debug|Any CPU
		{74CC8402-9E64-615A-179A-DA591187B3FF}.Release|Any CPU.ActiveCfg = Release|Any CPU
		{74CC8402-9E64-615A-179A-DA591187B3FF}.Release|Any CPU.Build.0 = Release|Any CPU
	EndGlobalSection
	GlobalSection(SolutionProperties) = preSolution
		HideSolutionNode = FALSE
	EndGlobalSection
	GlobalSection(ExtensibilityGlobals) = postSolution
		SolutionGuid = {60AA20BA-7291-4443-9FC2-4A3BE81DC14C}
	EndGlobalSection
EndGlobal
